
Microsoft Visual Studio Solution File, Format Version 12.00
Project("{FAE04EC0-301F-11D3-BF4B-00C04F79EFBC}") = "stockbroker", "stockbroker\stockbroker.csproj", "{A49FE710-EE50-4AE8-8644-05FFEDC94891}"
EndProject
Global
	GlobalSection(SolutionConfigurationPlatforms) = preSolution
		Debug|Any CPU = Debug|Any CPU
		Release|Any CPU = Release|Any CPU
	EndGlobalSection
	GlobalSection(ProjectConfigurationPlatforms) = postSolution
		{A49FE710-EE50-4AE8-8644-05FFEDC94891}.Debug|Any CPU.ActiveCfg = Debug|Any CPU
		{A49FE710-EE50-4AE8-8644-05FFEDC94891}.Debug|Any CPU.Build.0 = Debug|Any CPU
		{A49FE710-EE50-4AE8-8644-05FFEDC94891}.Release|Any CPU.ActiveCfg = Release|Any CPU
		{A49FE710-EE50-4AE8-8644-05FFEDC94891}.Release|Any CPU.Build.0 = Release|Any CPU
	EndGlobalSection
EndGlobal
